
Microsoft Visual Studio Solution File, Format Version 12.00
# Visual Studio Version 16
VisualStudioVersion = 16.0.31402.337
MinimumVisualStudioVersion = 10.0.40219.1
Project("{FAE04EC0-301F-11D3-BF4B-00C04F79EFBC}") = "SnakeGame", "SnakeGame\SnakeGame.csproj", "{AF3424DA-12F5-4A3D-9EAE-3250C8D3B4E7}"
EndProject
Global
	GlobalSection(SolutionConfigurationPlatforms) = preSolution
		Debug|Any CPU = Debug|Any CPU
		Release|Any CPU = Release|Any CPU
	EndGlobalSection
	GlobalSection(ProjectConfigurationPlatforms) = postSolution
		{AF3424DA-12F5-4A3D-9EAE-3250C8D3B4E7}.Debug|Any CPU.ActiveCfg = Debug|Any CPU
		{AF3424DA-12F5-4A3D-9EAE-3250C8D3B4E7}.Debug|Any CPU.Build.0 = Debug|Any CPU
		{AF3424DA-12F5-4A3D-9EAE-3250C8D3B4E7}.Release|Any CPU.ActiveCfg = Release|Any CPU
		{AF3424DA-12F5-4A3D-9EAE-3250C8D3B4E7}.Release|Any CPU.Build.0 = Release|Any CPU
	EndGlobalSection
	GlobalSection(SolutionProperties) = preSolution
		HideSolutionNode = FALSE
	EndGlobalSection
	GlobalSection(ExtensibilityGlobals) = postSolution
		SolutionGuid = {0DB713B3-4C59-4668-9711-552178C903EB}
	EndGlobalSection
EndGlobal
